// !$*UTF8*$!
{
	archiveVersion = 1;
	classes = {
	};
	objectVersion = 46;
	objects = {

/* Begin PBXBuildFile section */
		1D2E43E01C3273C30002B63B /* SXColorGradientView.m in Sources */ = {isa = PBXBuildFile; fileRef = 1D2E43D71C3273C30002B63B /* SXColorGradientView.m */; };
		1D2E43E11C3273C30002B63B /* SXColorLabel.m in Sources */ = {isa = PBXBuildFile; fileRef = 1D2E43D91C3273C30002B63B /* SXColorLabel.m */; };
		1D2E43E21C3273C30002B63B /* SXMarquee.m in Sources */ = {isa = PBXBuildFile; fileRef = 1D2E43DB1C3273C30002B63B /* SXMarquee.m */; };
		1D2E43E31C3273C30002B63B /* UIColor+Separate.m in Sources */ = {isa = PBXBuildFile; fileRef = 1D2E43DD1C3273C30002B63B /* UIColor+Separate.m */; };
		1D2E43E41C3273C30002B63B /* UIColor+Wonderful.m in Sources */ = {isa = PBXBuildFile; fileRef = 1D2E43DF1C3273C30002B63B /* UIColor+Wonderful.m */; };
		1D2E43F41C3275040002B63B /* SXColorGradientDemoPage.m in Sources */ = {isa = PBXBuildFile; fileRef = 1D2E43E71C3275040002B63B /* SXColorGradientDemoPage.m */; };
		1D2E43F51C3275040002B63B /* SXColorLblDemoPage.m in Sources */ = {isa = PBXBuildFile; fileRef = 1D2E43E91C3275040002B63B /* SXColorLblDemoPage.m */; };
		1D2E43F61C3275040002B63B /* SXColorListPage.m in Sources */ = {isa = PBXBuildFile; fileRef = 1D2E43EB1C3275040002B63B /* SXColorListPage.m */; };
		1D2E43F71C3275040002B63B /* SXColorSeparateDemoPage.m in Sources */ = {isa = PBXBuildFile; fileRef = 1D2E43ED1C3275040002B63B /* SXColorSeparateDemoPage.m */; };
		1D2E43F81C3275040002B63B /* SXColorWonderfulDemoPage.m in Sources */ = {isa = PBXBuildFile; fileRef = 1D2E43EF1C3275040002B63B /* SXColorWonderfulDemoPage.m */; };
		1D2E43F91C3275040002B63B /* SXMainDemoPage.m in Sources */ = {isa = PBXBuildFile; fileRef = 1D2E43F11C3275040002B63B /* SXMainDemoPage.m */; };
		1D2E43FA1C3275040002B63B /* SXMarqueeDemoPage.m in Sources */ = {isa = PBXBuildFile; fileRef = 1D2E43F31C3275040002B63B /* SXMarqueeDemoPage.m */; };
		1D2E44041C32751A0002B63B /* AppDelegate.m in Sources */ = {isa = PBXBuildFile; fileRef = 1D2E43FD1C32751A0002B63B /* AppDelegate.m */; };
		1D2E44051C32751A0002B63B /* SXCLEntity.m in Sources */ = {isa = PBXBuildFile; fileRef = 1D2E43FF1C32751A0002B63B /* SXCLEntity.m */; };
		1D2E44061C32751A0002B63B /* SXColorListCell.m in Sources */ = {isa = PBXBuildFile; fileRef = 1D2E44011C32751A0002B63B /* SXColorListCell.m */; };
		1D2E44071C32751A0002B63B /* SXDataSource.m in Sources */ = {isa = PBXBuildFile; fileRef = 1D2E44031C32751A0002B63B /* SXDataSource.m */; };
		1D723B031C755EA80079701D /* SXHeadLine.m in Sources */ = {isa = PBXBuildFile; fileRef = 1D723B021C755EA80079701D /* SXHeadLine.m */; };
		1DCCF4801BDE214900DB5EB7 /* main.m in Sources */ = {isa = PBXBuildFile; fileRef = 1DCCF47F1BDE214900DB5EB7 /* main.m */; };
		1DCCF4891BDE214900DB5EB7 /* Main.storyboard in Resources */ = {isa = PBXBuildFile; fileRef = 1DCCF4871BDE214900DB5EB7 /* Main.storyboard */; };
		1DCCF48B1BDE214900DB5EB7 /* Assets.xcassets in Resources */ = {isa = PBXBuildFile; fileRef = 1DCCF48A1BDE214900DB5EB7 /* Assets.xcassets */; };
		1DCCF48E1BDE214900DB5EB7 /* LaunchScreen.storyboard in Resources */ = {isa = PBXBuildFile; fileRef = 1DCCF48C1BDE214900DB5EB7 /* LaunchScreen.storyboard */; };
		1DCF20121C3E6D0C0082716E /* UILabel+Wonderful.m in Sources */ = {isa = PBXBuildFile; fileRef = 1DCF20111C3E6D0C0082716E /* UILabel+Wonderful.m */; };
/* End PBXBuildFile section */

/* Begin PBXFileReference section */
		1D2E43D61C3273C30002B63B /* SXColorGradientView.h */ = {isa = PBXFileReference; fileEncoding = 4; lastKnownFileType = sourcecode.c.h; path = SXColorGradientView.h; sourceTree = "<group>"; };
		1D2E43D71C3273C30002B63B /* SXColorGradientView.m */ = {isa = PBXFileReference; fileEncoding = 4; lastKnownFileType = sourcecode.c.objc; path = SXColorGradientView.m; sourceTree = "<group>"; };
		1D2E43D81C3273C30002B63B /* SXColorLabel.h */ = {isa = PBXFileReference; fileEncoding = 4; lastKnownFileType = sourcecode.c.h; path = SXColorLabel.h; sourceTree = "<group>"; };
		1D2E43D91C3273C30002B63B /* SXColorLabel.m */ = {isa = PBXFileReference; fileEncoding = 4; lastKnownFileType = sourcecode.c.objc; path = SXColorLabel.m; sourceTree = "<group>"; };
		1D2E43DA1C3273C30002B63B /* SXMarquee.h */ = {isa = PBXFileReference; fileEncoding = 4; lastKnownFileType = sourcecode.c.h; path = SXMarquee.h; sourceTree = "<group>"; };
		1D2E43DB1C3273C30002B63B /* SXMarquee.m */ = {isa = PBXFileReference; fileEncoding = 4; lastKnownFileType = sourcecode.c.objc; path = SXMarquee.m; sourceTree = "<group>"; };
		1D2E43DC1C3273C30002B63B /* UIColor+Separate.h */ = {isa = PBXFileReference; fileEncoding = 4; lastKnownFileType = sourcecode.c.h; path = "UIColor+Separate.h"; sourceTree = "<group>"; };
		1D2E43DD1C3273C30002B63B /* UIColor+Separate.m */ = {isa = PBXFileReference; fileEncoding = 4; lastKnownFileType = sourcecode.c.objc; path = "UIColor+Separate.m"; sourceTree = "<group>"; };
		1D2E43DE1C3273C30002B63B /* UIColor+Wonderful.h */ = {isa = PBXFileReference; fileEncoding = 4; lastKnownFileType = sourcecode.c.h; path = "UIColor+Wonderful.h"; sourceTree = "<group>"; };
		1D2E43DF1C3273C30002B63B /* UIColor+Wonderful.m */ = {isa = PBXFileReference; fileEncoding = 4; lastKnownFileType = sourcecode.c.objc; path = "UIColor+Wonderful.m"; sourceTree = "<group>"; };
		1D2E43E61C3275040002B63B /* SXColorGradientDemoPage.h */ = {isa = PBXFileReference; fileEncoding = 4; lastKnownFileType = sourcecode.c.h; path = SXColorGradientDemoPage.h; sourceTree = "<group>"; };
		1D2E43E71C3275040002B63B /* SXColorGradientDemoPage.m */ = {isa = PBXFileReference; fileEncoding = 4; lastKnownFileType = sourcecode.c.objc; path = SXColorGradientDemoPage.m; sourceTree = "<group>"; };
		1D2E43E81C3275040002B63B /* SXColorLblDemoPage.h */ = {isa = PBXFileReference; fileEncoding = 4; lastKnownFileType = sourcecode.c.h; path = SXColorLblDemoPage.h; sourceTree = "<group>"; };
		1D2E43E91C3275040002B63B /* SXColorLblDemoPage.m */ = {isa = PBXFileReference; fileEncoding = 4; lastKnownFileType = sourcecode.c.objc; path = SXColorLblDemoPage.m; sourceTree = "<group>"; };
		1D2E43EA1C3275040002B63B /* SXColorListPage.h */ = {isa = PBXFileReference; fileEncoding = 4; lastKnownFileType = sourcecode.c.h; path = SXColorListPage.h; sourceTree = "<group>"; };
		1D2E43EB1C3275040002B63B /* SXColorListPage.m */ = {isa = PBXFileReference; fileEncoding = 4; lastKnownFileType = sourcecode.c.objc; path = SXColorListPage.m; sourceTree = "<group>"; };
		1D2E43EC1C3275040002B63B /* SXColorSeparateDemoPage.h */ = {isa = PBXFileReference; fileEncoding = 4; lastKnownFileType = sourcecode.c.h; path = SXColorSeparateDemoPage.h; sourceTree = "<group>"; };
		1D2E43ED1C3275040002B63B /* SXColorSeparateDemoPage.m */ = {isa = PBXFileReference; fileEncoding = 4; lastKnownFileType = sourcecode.c.objc; path = SXColorSeparateDemoPage.m; sourceTree = "<group>"; };
		1D2E43EE1C3275040002B63B /* SXColorWonderfulDemoPage.h */ = {isa = PBXFileReference; fileEncoding = 4; lastKnownFileType = sourcecode.c.h; path = SXColorWonderfulDemoPage.h; sourceTree = "<group>"; };
		1D2E43EF1C3275040002B63B /* SXColorWonderfulDemoPage.m */ = {isa = PBXFileReference; fileEncoding = 4; lastKnownFileType = sourcecode.c.objc; path = SXColorWonderfulDemoPage.m; sourceTree = "<group>"; };
		1D2E43F01C3275040002B63B /* SXMainDemoPage.h */ = {isa = PBXFileReference; fileEncoding = 4; lastKnownFileType = sourcecode.c.h; path = SXMainDemoPage.h; sourceTree = "<group>"; };
		1D2E43F11C3275040002B63B /* SXMainDemoPage.m */ = {isa = PBXFileReference; fileEncoding = 4; lastKnownFileType = sourcecode.c.objc; path = SXMainDemoPage.m; sourceTree = "<group>"; };
		1D2E43F21C3275040002B63B /* SXMarqueeDemoPage.h */ = {isa = PBXFileReference; fileEncoding = 4; lastKnownFileType = sourcecode.c.h; path = SXMarqueeDemoPage.h; sourceTree = "<group>"; };
		1D2E43F31C3275040002B63B /* SXMarqueeDemoPage.m */ = {isa = PBXFileReference; fileEncoding = 4; lastKnownFileType = sourcecode.c.objc; path = SXMarqueeDemoPage.m; sourceTree = "<group>"; };
		1D2E43FC1C32751A0002B63B /* AppDelegate.h */ = {isa = PBXFileReference; fileEncoding = 4; lastKnownFileType = sourcecode.c.h; path = AppDelegate.h; sourceTree = "<group>"; };
		1D2E43FD1C32751A0002B63B /* AppDelegate.m */ = {isa = PBXFileReference; fileEncoding = 4; lastKnownFileType = sourcecode.c.objc; path = AppDelegate.m; sourceTree = "<group>"; };
		1D2E43FE1C32751A0002B63B /* SXCLEntity.h */ = {isa = PBXFileReference; fileEncoding = 4; lastKnownFileType = sourcecode.c.h; path = SXCLEntity.h; sourceTree = "<group>"; };
		1D2E43FF1C32751A0002B63B /* SXCLEntity.m */ = {isa = PBXFileReference; fileEncoding = 4; lastKnownFileType = sourcecode.c.objc; path = SXCLEntity.m; sourceTree = "<group>"; };
		1D2E44001C32751A0002B63B /* SXColorListCell.h */ = {isa = PBXFileReference; fileEncoding = 4; lastKnownFileType = sourcecode.c.h; path = SXColorListCell.h; sourceTree = "<group>"; };
		1D2E44011C32751A0002B63B /* SXColorListCell.m */ = {isa = PBXFileReference; fileEncoding = 4; lastKnownFileType = sourcecode.c.objc; path = SXColorListCell.m; sourceTree = "<group>"; };
		1D2E44021C32751A0002B63B /* SXDataSource.h */ = {isa = PBXFileReference; fileEncoding = 4; lastKnownFileType = sourcecode.c.h; path = SXDataSource.h; sourceTree = "<group>"; };
		1D2E44031C32751A0002B63B /* SXDataSource.m */ = {isa = PBXFileReference; fileEncoding = 4; lastKnownFileType = sourcecode.c.objc; path = SXDataSource.m; sourceTree = "<group>"; };
		1D723B011C755EA80079701D /* SXHeadLine.h */ = {isa = PBXFileReference; fileEncoding = 4; lastKnownFileType = sourcecode.c.h; path = SXHeadLine.h; sourceTree = "<group>"; };
		1D723B021C755EA80079701D /* SXHeadLine.m */ = {isa = PBXFileReference; fileEncoding = 4; lastKnownFileType = sourcecode.c.objc; path = SXHeadLine.m; sourceTree = "<group>"; };
		1DCCF47B1BDE214900DB5EB7 /* Wonderful.app */ = {isa = PBXFileReference; explicitFileType = wrapper.application; includeInIndex = 0; path = Wonderful.app; sourceTree = BUILT_PRODUCTS_DIR; };
		1DCCF47F1BDE214900DB5EB7 /* main.m */ = {isa = PBXFileReference; lastKnownFileType = sourcecode.c.objc; path = main.m; sourceTree = "<group>"; };
		1DCCF4881BDE214900DB5EB7 /* Base */ = {isa = PBXFileReference; lastKnownFileType = file.storyboard; name = Base; path = Base.lproj/Main.storyboard; sourceTree = "<group>"; };
		1DCCF48A1BDE214900DB5EB7 /* Assets.xcassets */ = {isa = PBXFileReference; lastKnownFileType = folder.assetcatalog; path = Assets.xcassets; sourceTree = "<group>"; };
		1DCCF48D1BDE214900DB5EB7 /* Base */ = {isa = PBXFileReference; lastKnownFileType = file.storyboard; name = Base; path = Base.lproj/LaunchScreen.storyboard; sourceTree = "<group>"; };
		1DCCF48F1BDE214900DB5EB7 /* Info.plist */ = {isa = PBXFileReference; lastKnownFileType = text.plist.xml; path = Info.plist; sourceTree = "<group>"; };
		1DCF20101C3E6D0C0082716E /* UILabel+Wonderful.h */ = {isa = PBXFileReference; fileEncoding = 4; lastKnownFileType = sourcecode.c.h; path = "UILabel+Wonderful.h"; sourceTree = "<group>"; };
		1DCF20111C3E6D0C0082716E /* UILabel+Wonderful.m */ = {isa = PBXFileReference; fileEncoding = 4; lastKnownFileType = sourcecode.c.objc; path = "UILabel+Wonderful.m"; sourceTree = "<group>"; };
/* End PBXFileReference section */

/* Begin PBXFrameworksBuildPhase section */
		1DCCF4781BDE214900DB5EB7 /* Frameworks */ = {
			isa = PBXFrameworksBuildPhase;
			buildActionMask = 2147483647;
			files = (
			);
			runOnlyForDeploymentPostprocessing = 0;
		};
/* End PBXFrameworksBuildPhase section */

/* Begin PBXGroup section */
		1D2E43D51C3273C30002B63B /* Wonderful */ = {
			isa = PBXGroup;
			children = (
				1D2E43D61C3273C30002B63B /* SXColorGradientView.h */,
				1D2E43D71C3273C30002B63B /* SXColorGradientView.m */,
				1D2E43D81C3273C30002B63B /* SXColorLabel.h */,
				1D2E43D91C3273C30002B63B /* SXColorLabel.m */,
				1DCF20101C3E6D0C0082716E /* UILabel+Wonderful.h */,
				1DCF20111C3E6D0C0082716E /* UILabel+Wonderful.m */,
				1D2E43DA1C3273C30002B63B /* SXMarquee.h */,
				1D2E43DB1C3273C30002B63B /* SXMarquee.m */,
				1D723B011C755EA80079701D /* SXHeadLine.h */,
				1D723B021C755EA80079701D /* SXHeadLine.m */,
				1D2E43DC1C3273C30002B63B /* UIColor+Separate.h */,
				1D2E43DD1C3273C30002B63B /* UIColor+Separate.m */,
				1D2E43DE1C3273C30002B63B /* UIColor+Wonderful.h */,
				1D2E43DF1C3273C30002B63B /* UIColor+Wonderful.m */,
			);
			name = Wonderful;
			path = ../../Wonderful;
			sourceTree = "<group>";
		};
		1D2E43E51C3275040002B63B /* Page */ = {
			isa = PBXGroup;
			children = (
				1D2E43E61C3275040002B63B /* SXColorGradientDemoPage.h */,
				1D2E43E71C3275040002B63B /* SXColorGradientDemoPage.m */,
				1D2E43E81C3275040002B63B /* SXColorLblDemoPage.h */,
				1D2E43E91C3275040002B63B /* SXColorLblDemoPage.m */,
				1D2E43EA1C3275040002B63B /* SXColorListPage.h */,
				1D2E43EB1C3275040002B63B /* SXColorListPage.m */,
				1D2E43EC1C3275040002B63B /* SXColorSeparateDemoPage.h */,
				1D2E43ED1C3275040002B63B /* SXColorSeparateDemoPage.m */,
				1D2E43EE1C3275040002B63B /* SXColorWonderfulDemoPage.h */,
				1D2E43EF1C3275040002B63B /* SXColorWonderfulDemoPage.m */,
				1D2E43F01C3275040002B63B /* SXMainDemoPage.h */,
				1D2E43F11C3275040002B63B /* SXMainDemoPage.m */,
				1D2E43F21C3275040002B63B /* SXMarqueeDemoPage.h */,
				1D2E43F31C3275040002B63B /* SXMarqueeDemoPage.m */,
			);
			path = Page;
			sourceTree = "<group>";
		};
		1D2E43FB1C32751A0002B63B /* Other */ = {
			isa = PBXGroup;
			children = (
				1D2E43FC1C32751A0002B63B /* AppDelegate.h */,
				1D2E43FD1C32751A0002B63B /* AppDelegate.m */,
				1D2E43FE1C32751A0002B63B /* SXCLEntity.h */,
				1D2E43FF1C32751A0002B63B /* SXCLEntity.m */,
				1D2E44001C32751A0002B63B /* SXColorListCell.h */,
				1D2E44011C32751A0002B63B /* SXColorListCell.m */,
				1D2E44021C32751A0002B63B /* SXDataSource.h */,
				1D2E44031C32751A0002B63B /* SXDataSource.m */,
			);
			path = Other;
			sourceTree = "<group>";
		};
		1DCCF4721BDE214900DB5EB7 = {
			isa = PBXGroup;
			children = (
				1DCCF47D1BDE214900DB5EB7 /* Wonderful */,
				1DCCF47C1BDE214900DB5EB7 /* Products */,
			);
			sourceTree = "<group>";
		};
		1DCCF47C1BDE214900DB5EB7 /* Products */ = {
			isa = PBXGroup;
			children = (
				1DCCF47B1BDE214900DB5EB7 /* Wonderful.app */,
			);
			name = Products;
			sourceTree = "<group>";
		};
		1DCCF47D1BDE214900DB5EB7 /* Wonderful */ = {
			isa = PBXGroup;
			children = (
				1D2E43D51C3273C30002B63B /* Wonderful */,
				1D2E43E51C3275040002B63B /* Page */,
				1D2E43FB1C32751A0002B63B /* Other */,
				1DCCF4871BDE214900DB5EB7 /* Main.storyboard */,
				1DCCF48A1BDE214900DB5EB7 /* Assets.xcassets */,
				1DCCF48C1BDE214900DB5EB7 /* LaunchScreen.storyboard */,
				1DCCF48F1BDE214900DB5EB7 /* Info.plist */,
				1DCCF47E1BDE214900DB5EB7 /* Supporting Files */,
			);
			path = Wonderful;
			sourceTree = "<group>";
		};
		1DCCF47E1BDE214900DB5EB7 /* Supporting Files */ = {
			isa = PBXGroup;
			children = (
				1DCCF47F1BDE214900DB5EB7 /* main.m */,
			);
			name = "Supporting Files";
			sourceTree = "<group>";
		};
/* End PBXGroup section */

/* Begin PBXNativeTarget section */
		1DCCF47A1BDE214900DB5EB7 /* Wonderful */ = {
			isa = PBXNativeTarget;
			buildConfigurationList = 1DCCF4921BDE214900DB5EB7 /* Build configuration list for PBXNativeTarget "Wonderful" */;
			buildPhases = (
				1DCCF4771BDE214900DB5EB7 /* Sources */,
				1DCCF4781BDE214900DB5EB7 /* Frameworks */,
				1DCCF4791BDE214900DB5EB7 /* Resources */,
			);
			buildRules = (
			);
			dependencies = (
			);
			name = Wonderful;
			productName = Wonderful;
			productReference = 1DCCF47B1BDE214900DB5EB7 /* Wonderful.app */;
			productType = "com.apple.product-type.application";
		};
/* End PBXNativeTarget section */

/* Begin PBXProject section */
		1DCCF4731BDE214900DB5EB7 /* Project object */ = {
			isa = PBXProject;
			attributes = {
				CLASSPREFIX = SX;
				LastUpgradeCheck = 0700;
				ORGANIZATIONNAME = Sankuai;
				TargetAttributes = {
					1DCCF47A1BDE214900DB5EB7 = {
						CreatedOnToolsVersion = 7.0;
						DevelopmentTeam = 4HW3B6PMKD;
						ProvisioningStyle = Manual;
					};
				};
			};
			buildConfigurationList = 1DCCF4761BDE214900DB5EB7 /* Build configuration list for PBXProject "Wonderful" */;
			compatibilityVersion = "Xcode 3.2";
			developmentRegion = English;
			hasScannedForEncodings = 0;
			knownRegions = (
				en,
				Base,
			);
			mainGroup = 1DCCF4721BDE214900DB5EB7;
			productRefGroup = 1DCCF47C1BDE214900DB5EB7 /* Products */;
			projectDirPath = "";
			projectRoot = "";
			targets = (
				1DCCF47A1BDE214900DB5EB7 /* Wonderful */,
			);
		};
/* End PBXProject section */

/* Begin PBXResourcesBuildPhase section */
		1DCCF4791BDE214900DB5EB7 /* Resources */ = {
			isa = PBXResourcesBuildPhase;
			buildActionMask = 2147483647;
			files = (
				1DCCF48E1BDE214900DB5EB7 /* LaunchScreen.storyboard in Resources */,
				1DCCF48B1BDE214900DB5EB7 /* Assets.xcassets in Resources */,
				1DCCF4891BDE214900DB5EB7 /* Main.storyboard in Resources */,
			);
			runOnlyForDeploymentPostprocessing = 0;
		};
/* End PBXResourcesBuildPhase section */

/* Begin PBXSourcesBuildPhase section */
		1DCCF4771BDE214900DB5EB7 /* Sources */ = {
			isa = PBXSourcesBuildPhase;
			buildActionMask = 2147483647;
			files = (
				1D2E43E41C3273C30002B63B /* UIColor+Wonderful.m in Sources */,
				1D2E43E01C3273C30002B63B /* SXColorGradientView.m in Sources */,
				1D2E44061C32751A0002B63B /* SXColorListCell.m in Sources */,
				1D2E43F41C3275040002B63B /* SXColorGradientDemoPage.m in Sources */,
				1D2E43FA1C3275040002B63B /* SXMarqueeDemoPage.m in Sources */,
				1DCCF4801BDE214900DB5EB7 /* main.m in Sources */,
				1D2E43E11C3273C30002B63B /* SXColorLabel.m in Sources */,
				1D2E44041C32751A0002B63B /* AppDelegate.m in Sources */,
				1D2E43F81C3275040002B63B /* SXColorWonderfulDemoPage.m in Sources */,
				1D2E43F61C3275040002B63B /* SXColorListPage.m in Sources */,
				1D2E44051C32751A0002B63B /* SXCLEntity.m in Sources */,
				1D723B031C755EA80079701D /* SXHeadLine.m in Sources */,
				1DCF20121C3E6D0C0082716E /* UILabel+Wonderful.m in Sources */,
				1D2E43E31C3273C30002B63B /* UIColor+Separate.m in Sources */,
				1D2E43F51C3275040002B63B /* SXColorLblDemoPage.m in Sources */,
				1D2E44071C32751A0002B63B /* SXDataSource.m in Sources */,
				1D2E43E21C3273C30002B63B /* SXMarquee.m in Sources */,
				1D2E43F91C3275040002B63B /* SXMainDemoPage.m in Sources */,
				1D2E43F71C3275040002B63B /* SXColorSeparateDemoPage.m in Sources */,
			);
			runOnlyForDeploymentPostprocessing = 0;
		};
/* End PBXSourcesBuildPhase section */

/* Begin PBXVariantGroup section */
		1DCCF4871BDE214900DB5EB7 /* Main.storyboard */ = {
			isa = PBXVariantGroup;
			children = (
				1DCCF4881BDE214900DB5EB7 /* Base */,
			);
			name = Main.storyboard;
			sourceTree = "<group>";
		};
		1DCCF48C1BDE214900DB5EB7 /* LaunchScreen.storyboard */ = {
			isa = PBXVariantGroup;
			children = (
				1DCCF48D1BDE214900DB5EB7 /* Base */,
			);
			name = LaunchScreen.storyboard;
			sourceTree = "<group>";
		};
/* End PBXVariantGroup section */

/* Begin XCBuildConfiguration section */
		1DCCF4901BDE214900DB5EB7 /* Debug */ = {
			isa = XCBuildConfiguration;
			buildSettings = {
				ALWAYS_SEARCH_USER_PATHS = NO;
				CLANG_CXX_LANGUAGE_STANDARD = "gnu++0x";
				CLANG_CXX_LIBRARY = "libc++";
				CLANG_ENABLE_MODULES = YES;
				CLANG_ENABLE_OBJC_ARC = YES;
				CLANG_WARN_BOOL_CONVERSION = YES;
				CLANG_WARN_CONSTANT_CONVERSION = YES;
				CLANG_WARN_DIRECT_OBJC_ISA_USAGE = YES_ERROR;
				CLANG_WARN_EMPTY_BODY = YES;
				CLANG_WARN_ENUM_CONVERSION = YES;
				CLANG_WARN_INT_CONVERSION = YES;
				CLANG_WARN_OBJC_ROOT_CLASS = YES_ERROR;
				CLANG_WARN_UNREACHABLE_CODE = YES;
				CLANG_WARN__DUPLICATE_METHOD_MATCH = YES;
				"CODE_SIGN_IDENTITY[sdk=iphoneos*]" = "iPhone Developer";
				COPY_PHASE_STRIP = NO;
				DEBUG_INFORMATION_FORMAT = dwarf;
				ENABLE_STRICT_OBJC_MSGSEND = YES;
				ENABLE_TESTABILITY = YES;
				GCC_C_LANGUAGE_STANDARD = gnu99;
				GCC_DYNAMIC_NO_PIC = NO;
				GCC_NO_COMMON_BLOCKS = YES;
				GCC_OPTIMIZATION_LEVEL = 0;
				GCC_PREPROCESSOR_DEFINITIONS = (
					"DEBUG=1",
					"$(inherited)",
				);
				GCC_WARN_64_TO_32_BIT_CONVERSION = YES;
				GCC_WARN_ABOUT_RETURN_TYPE = YES_ERROR;
				GCC_WARN_UNDECLARED_SELECTOR = YES;
				GCC_WARN_UNINITIALIZED_AUTOS = YES_AGGRESSIVE;
				GCC_WARN_UNUSED_FUNCTION = YES;
				GCC_WARN_UNUSED_VARIABLE = YES;
				IPHONEOS_DEPLOYMENT_TARGET = 9.0;
				MTL_ENABLE_DEBUG_INFO = YES;
				ONLY_ACTIVE_ARCH = YES;
				SDKROOT = iphoneos;
				TARGETED_DEVICE_FAMILY = "1,2";
			};
			name = Debug;
		};
		1DCCF4911BDE214900DB5EB7 /* Release */ = {
			isa = XCBuildConfiguration;
			buildSettings = {
				ALWAYS_SEARCH_USER_PATHS = NO;
				CLANG_CXX_LANGUAGE_STANDARD = "gnu++0x";
				CLANG_CXX_LIBRARY = "libc++";
				CLANG_ENABLE_MODULES = YES;
				CLANG_ENABLE_OBJC_ARC = YES;
				CLANG_WARN_BOOL_CONVERSION = YES;
				CLANG_WARN_CONSTANT_CONVERSION = YES;
				CLANG_WARN_DIRECT_OBJC_ISA_USAGE = YES_ERROR;
				CLANG_WARN_EMPTY_BODY = YES;
				CLANG_WARN_ENUM_CONVERSION = YES;
				CLANG_WARN_INT_CONVERSION = YES;
				CLANG_WARN_OBJC_ROOT_CLASS = YES_ERROR;
				CLANG_WARN_UNREACHABLE_CODE = YES;
				CLANG_WARN__DUPLICATE_METHOD_MATCH = YES;
				"CODE_SIGN_IDENTITY[sdk=iphoneos*]" = "iPhone Developer";
				COPY_PHASE_STRIP = NO;
				DEBUG_INFORMATION_FORMAT = "dwarf-with-dsym";
				ENABLE_NS_ASSERTIONS = NO;
				ENABLE_STRICT_OBJC_MSGSEND = YES;
				GCC_C_LANGUAGE_STANDARD = gnu99;
				GCC_NO_COMMON_BLOCKS = YES;
				GCC_WARN_64_TO_32_BIT_CONVERSION = YES;
				GCC_WARN_ABOUT_RETURN_TYPE = YES_ERROR;
				GCC_WARN_UNDECLARED_SELECTOR = YES;
				GCC_WARN_UNINITIALIZED_AUTOS = YES_AGGRESSIVE;
				GCC_WARN_UNUSED_FUNCTION = YES;
				GCC_WARN_UNUSED_VARIABLE = YES;
				IPHONEOS_DEPLOYMENT_TARGET = 9.0;
				MTL_ENABLE_DEBUG_INFO = NO;
				SDKROOT = iphoneos;
				TARGETED_DEVICE_FAMILY = "1,2";
				VALIDATE_PRODUCT = YES;
			};
			name = Release;
		};
		1DCCF4931BDE214900DB5EB7 /* Debug */ = {
			isa = XCBuildConfiguration;
			buildSettings = {
				ASSETCATALOG_COMPILER_APPICON_NAME = AppIcon;
				ASSETCATALOG_COMPILER_LAUNCHIMAGE_NAME = "Brand Assets";
				CODE_SIGN_IDENTITY = "iPhone Developer";
				"CODE_SIGN_IDENTITY[sdk=iphoneos*]" = "iPhone Developer";
				DEVELOPMENT_TEAM = 4HW3B6PMKD;
				INFOPLIST_FILE = Wonderful/Info.plist;
				IPHONEOS_DEPLOYMENT_TARGET = 9.0;
				LD_RUNPATH_SEARCH_PATHS = "$(inherited) @executable_path/Frameworks";
				PRODUCT_BUNDLE_IDENTIFIER = com.Sankuai.Wonderful;
				PRODUCT_NAME = "$(TARGET_NAME)";
				PROVISIONING_PROFILE = "b257564f-9d82-4034-87a3-18a0d4029e73";
				PROVISIONING_PROFILE_SPECIFIER = ios_development_sunli;
			};
			name = Debug;
		};
		1DCCF4941BDE214900DB5EB7 /* Release */ = {
			isa = XCBuildConfiguration;
			buildSettings = {
				ASSETCATALOG_COMPILER_APPICON_NAME = AppIcon;
				ASSETCATALOG_COMPILER_LAUNCHIMAGE_NAME = "Brand Assets";
				CODE_SIGN_IDENTITY = "iPhone Developer";
				"CODE_SIGN_IDENTITY[sdk=iphoneos*]" = "iPhone Developer";
				DEVELOPMENT_TEAM = "";
				INFOPLIST_FILE = Wonderful/Info.plist;
				IPHONEOS_DEPLOYMENT_TARGET = 9.0;
				LD_RUNPATH_SEARCH_PATHS = "$(inherited) @executable_path/Frameworks";
				PRODUCT_BUNDLE_IDENTIFIER = com.Sankuai.Wonderful;
				PRODUCT_NAME = "$(TARGET_NAME)";
				PROVISIONING_PROFILE = "";
			};
			name = Release;
		};
/* End XCBuildConfiguration section */

/* Begin XCConfigurationList section */
		1DCCF4761BDE214900DB5EB7 /* Build configuration list for PBXProject "Wonderful" */ = {
			isa = XCConfigurationList;
			buildConfigurations = (
				1DCCF4901BDE214900DB5EB7 /* Debug */,
				1DCCF4911BDE214900DB5EB7 /* Release */,
			);
			defaultConfigurationIsVisible = 0;
			defaultConfigurationName = Release;
		};
		1DCCF4921BDE214900DB5EB7 /* Build configuration list for PBXNativeTarget "Wonderful" */ = {
			isa = XCConfigurationList;
			buildConfigurations = (
				1DCCF4931BDE214900DB5EB7 /* Debug */,
				1DCCF4941BDE214900DB5EB7 /* Release */,
			);
			defaultConfigurationIsVisible = 0;
			defaultConfigurationName = Release;
		};
/* End XCConfigurationList section */
	};
	rootObject = 1DCCF4731BDE214900DB5EB7 /* Project object */;
}
